PODS:
  - Alamofire (4.6.0)
  - Armchair (0.3.5)
  - Bolts (1.9.0):
    - Bolts/AppLinks (= 1.9.0)
    - Bolts/Tasks (= 1.9.0)
  - Bolts/AppLinks (1.9.0):
    - Bolts/Tasks
  - Bolts/Tasks (1.9.0)
  - ContentProviders (1.1.0):
    - ContentProviders/SQLite (= 1.1.0)
  - ContentProviders/SQLite (1.1.0):
    - ContentProvidersSQLite (= 1.1.0)
  - ContentProvidersSQLite (1.1.0):
    - CryptoSwift (~> 0.8.0)
    - SQLite.swift/SQLCipher (~> 0.11.4)
    - SwiftCommons/Concurrent (~> 1.1.0)
    - SwiftCommons/Extensions (~> 1.1.0)
  - CryptoSwift (0.8.3)
  - Differentiator (3.0.2)
  - Dispatch (2.0.4)
  - FBSDKCoreKit (4.31.0):
    - Bolts (~> 1.7)
  - GzipSwift (4.0.4)
  - INTULocationManager (4.3.0)
  - KeychainAccess (3.1.0)
  - MBProgressHUD (1.1.0)
  - ModernDesign (1.1.0):
    - ModernDesign/Extensions (= 1.1.0)
  - ModernDesign/Extensions (1.1.0):
    - ModernDesignExtensions (= 1.1.0)
  - ModernDesignExtensions (1.1.0):
    - SwiftCommons/Lang (~> 1.1.0)
  - NetworkingApi (1.1.2):
    - NetworkingApi/Converters (= 1.1.2)
    - NetworkingApi/Helpers (= 1.1.2)
    - NetworkingApi/Http (= 1.1.2)
    - NetworkingApi/ObjC (= 1.1.2)
    - NetworkingApi/Rest (= 1.1.2)
  - NetworkingApi/Converters (1.1.2):
    - NetworkingApiConverters (= 1.1.2)
  - NetworkingApi/Helpers (1.1.2):
    - NetworkingApiHelpers (= 1.1.2)
  - NetworkingApi/Http (1.1.2):
    - NetworkingApiHttp (= 1.1.2)
  - NetworkingApi/ObjC (1.1.2):
    - NetworkingApiObjC (= 1.1.2)
  - NetworkingApi/Rest (1.1.2):
    - NetworkingApiRest (= 1.1.2)
  - NetworkingApiConverters (1.1.2):
    - NetworkingApiRest (= 1.1.2)
    - SwiftCommons/Data (~> 1.1.0)
  - NetworkingApiHelpers (1.1.2):
    - Alamofire (~> 4.6.0)
    - NetworkingApiHttp (= 1.1.2)
  - NetworkingApiHttp (1.1.2):
    - SwiftCommons/Diagnostics (~> 1.1.0)
  - NetworkingApiObjC (1.1.2):
    - Alamofire (~> 4.6.0)
  - NetworkingApiRest (1.1.2):
    - Alamofire (~> 4.6.0)
    - NetworkingApiHelpers (= 1.1.2)
    - NetworkingApiObjC (= 1.1.2)
    - SwiftCommons/Data (~> 1.1.0)
    - SwiftyJSON (~> 4.0.0)
  - PureLayout (3.0.2)
  - R.swift (4.0.0):
    - R.swift.Library (~> 4.0.0)
  - R.swift.Library (4.0.0)
  - RxCocoa (4.1.2):
    - RxSwift (~> 4.0)
  - RxDataSources (3.0.2):
    - Differentiator (~> 3.0)
    - RxCocoa (~> 4.0)
    - RxSwift (~> 4.0)
  - RxSwift (4.1.2)
  - SDWebImage/Core (4.3.2)
  - Siren (3.2.0)
  - SlideMenuControllerSwift (4.0.0)
  - SQLCipher (3.4.2):
    - SQLCipher/standard (= 3.4.2)
  - SQLCipher/common (3.4.2)
  - SQLCipher/standard (3.4.2):
    - SQLCipher/common
  - SQLite.swift/SQLCipher (0.11.4):
    - SQLCipher (>= 3.4.0)
  - SwiftCommons (1.1.0):
    - SwiftCommons/Abstractions (= 1.1.0)
    - SwiftCommons/Concurrent (= 1.1.0)
    - SwiftCommons/Data (= 1.1.0)
    - SwiftCommons/Diagnostics (= 1.1.0)
    - SwiftCommons/Extensions (= 1.1.0)
    - SwiftCommons/Lang (= 1.1.0)
    - SwiftCommons/Logging (= 1.1.0)
    - SwiftCommons/ObjC (= 1.1.0)
  - SwiftCommons/Abstractions (1.1.0):
    - SwiftCommonsAbstractions (= 1.1.0)
  - SwiftCommons/Concurrent (1.1.0):
    - SwiftCommonsConcurrent (= 1.1.0)
  - SwiftCommons/Data (1.1.0):
    - SwiftCommonsData (= 1.1.0)
  - SwiftCommons/Diagnostics (1.1.0):
    - SwiftCommonsDiagnostics (= 1.1.0)
  - SwiftCommons/Extensions (1.1.0):
    - SwiftCommonsExtensions (= 1.1.0)
  - SwiftCommons/Lang (1.1.0):
    - SwiftCommonsLang (= 1.1.0)
  - SwiftCommons/Logging (1.1.0):
    - SwiftCommonsLogging (= 1.1.0)
  - SwiftCommons/ObjC (1.1.0):
    - SwiftCommonsObjC (= 1.1.0)
  - SwiftCommonsAbstractions (1.1.0)
  - SwiftCommonsConcurrent (1.1.0):
    - Dispatch (~> 2.0.4)
    - SwiftCommonsObjC (= 1.1.0)
  - SwiftCommonsData (1.1.0):
    - CryptoSwift (~> 0.8.0)
    - SwiftCommonsDiagnostics (= 1.1.0)
  - SwiftCommonsDiagnostics (1.1.0):
    - SwiftCommonsConcurrent (= 1.1.0)
    - SwiftCommonsExtensions (= 1.1.0)
  - SwiftCommonsExtensions (1.1.0):
    - SwiftCommonsAbstractions (= 1.1.0)
    - SwiftCommonsLogging (= 1.1.0)
  - SwiftCommonsLang (1.1.0)
  - SwiftCommonsLogging (1.1.0):
    - SwiftCommonsConcurrent (= 1.1.0)
    - SwiftCommonsLang (= 1.1.0)
  - SwiftCommonsObjC (1.1.0)
  - SwiftReorder (3.2.0)
  - SwiftyJSON (4.0.0)
  - YandexMobileMetrica (2.9.6):
    - YandexMobileMetrica/Static (= 2.9.6)
  - YandexMobileMetrica/Static (2.9.6)

DEPENDENCIES:
  - Alamofire (from `../../Dependencies/Alamofire/Pod-4.6.0.podspec`)
  - Armchair (from `../../Dependencies/Armchair/Pod-0.3.5-patch.1.podspec`)
  - Bolts (from `../../Dependencies/Bolts/Pod-1.9.0.podspec`)
  - ContentProviders (from `../../Dependencies/ContentProviders/Pod-1.1.0.podspec`)
  - ContentProvidersSQLite (from `../../Dependencies/ContentProvidersSQLite/Pod-1.1.0.podspec`)
  - CryptoSwift (from `../../Dependencies/CryptoSwift/Pod-0.8.3.podspec`)
  - Differentiator (from `../../Dependencies/Differentiator/Pod-3.0.2.podspec`)
  - Dispatch (from `../../Dependencies/Dispatch/Pod-2.0.4.podspec`)
  - FBSDKCoreKit (from `../../Dependencies/FBSDKCoreKit/Pod-4.31.0.podspec`)
  - GzipSwift (from `../../Dependencies/GzipSwift/Pod-4.0.4.podspec`)
  - INTULocationManager (from `../../Dependencies/INTULocationManager/Pod-4.3.0.podspec`)
  - KeychainAccess (from `../../Dependencies/KeychainAccess/Pod-3.1.0.podspec`)
  - MBProgressHUD (from `../../Dependencies/MBProgressHUD/Pod-1.1.0.podspec`)
  - ModernDesign (from `../../Dependencies/ModernDesign/Pod-1.1.0.podspec`)
  - ModernDesignExtensions (from `../../Dependencies/ModernDesignExtensions/Pod-1.1.0.podspec`)
  - NetworkingApi (from `../../Dependencies/NetworkingApi/Pod-1.1.2.podspec`)
  - NetworkingApiConverters (from `../../Dependencies/NetworkingApiConverters/Pod-1.1.2.podspec`)
  - NetworkingApiHelpers (from `../../Dependencies/NetworkingApiHelpers/Pod-1.1.2.podspec`)
  - NetworkingApiHttp (from `../../Dependencies/NetworkingApiHttp/Pod-1.1.2.podspec`)
  - NetworkingApiObjC (from `../../Dependencies/NetworkingApiObjC/Pod-1.1.2.podspec`)
  - NetworkingApiRest (from `../../Dependencies/NetworkingApiRest/Pod-1.1.2.podspec`)
  - PureLayout (from `../../Dependencies/PureLayout/Pod-3.0.2.podspec`)
  - R.swift (from `../../Dependencies/R.swift/Pod-4.0.0.podspec`)
  - R.swift.Library (from `../../Dependencies/R.swift.Library/Pod-4.0.0-patch.1.podspec`)
  - RxCocoa (from `../../Dependencies/RxCocoa/Pod-4.1.2.podspec`)
  - RxDataSources (from `../../Dependencies/RxDataSources/Pod-3.0.2.podspec`)
  - RxSwift (from `../../Dependencies/RxSwift/Pod-4.1.2.podspec`)
  - SDWebImage/Core (from `../../Dependencies/SDWebImage/Pod-4.3.2.podspec`)
  - Siren (from `../../Dependencies/Siren/Pod-3.2.0.podspec`)
  - SlideMenuControllerSwift (from `../../Dependencies/SlideMenuControllerSwift/Pod-4.0.0-patch.1.podspec`)
  - SQLCipher/standard (from `../../Dependencies/SQLCipher/Pod-3.4.2.podspec`)
  - SQLite.swift/SQLCipher (from `../../Dependencies/SQLite.swift/Pod-0.11.4.podspec`)
  - SwiftCommons (from `../../Dependencies/SwiftCommons/Pod-1.1.0.podspec`)
  - SwiftCommonsAbstractions (from `../../Dependencies/SwiftCommonsAbstractions/Pod-1.1.0.podspec`)
  - SwiftCommonsConcurrent (from `../../Dependencies/SwiftCommonsConcurrent/Pod-1.1.0.podspec`)
  - SwiftCommonsData (from `../../Dependencies/SwiftCommonsData/Pod-1.1.0.podspec`)
  - SwiftCommonsDiagnostics (from `../../Dependencies/SwiftCommonsDiagnostics/Pod-1.1.0.podspec`)
  - SwiftCommonsExtensions (from `../../Dependencies/SwiftCommonsExtensions/Pod-1.1.0.podspec`)
  - SwiftCommonsLang (from `../../Dependencies/SwiftCommonsLang/Pod-1.1.0.podspec`)
  - SwiftCommonsLogging (from `../../Dependencies/SwiftCommonsLogging/Pod-1.1.0.podspec`)
  - SwiftCommonsObjC (from `../../Dependencies/SwiftCommonsObjC/Pod-1.1.0.podspec`)
  - SwiftReorder (from `../../Dependencies/SwiftReorder/Pod-3.2.0.podspec`)
  - SwiftyJSON (from `../../Dependencies/SwiftyJSON/Pod-4.0.0.podspec`)
  - YandexMobileMetrica (from `../../Dependencies/YandexMobileMetrica/Pod-2.9.6.podspec`)

EXTERNAL SOURCES:
  Alamofire:
    :path: ../../Dependencies/Alamofire/Pod-4.6.0.podspec
  Armchair:
    :path: ../../Dependencies/Armchair/Pod-0.3.5-patch.1.podspec
  Bolts:
    :path: ../../Dependencies/Bolts/Pod-1.9.0.podspec
  ContentProviders:
    :path: ../../Dependencies/ContentProviders/Pod-1.1.0.podspec
  ContentProvidersSQLite:
    :path: ../../Dependencies/ContentProvidersSQLite/Pod-1.1.0.podspec
  CryptoSwift:
    :path: ../../Dependencies/CryptoSwift/Pod-0.8.3.podspec
  Differentiator:
    :path: ../../Dependencies/Differentiator/Pod-3.0.2.podspec
  Dispatch:
    :path: ../../Dependencies/Dispatch/Pod-2.0.4.podspec
  FBSDKCoreKit:
    :path: ../../Dependencies/FBSDKCoreKit/Pod-4.31.0.podspec
  GzipSwift:
    :path: ../../Dependencies/GzipSwift/Pod-4.0.4.podspec
  INTULocationManager:
    :path: ../../Dependencies/INTULocationManager/Pod-4.3.0.podspec
  KeychainAccess:
    :path: ../../Dependencies/KeychainAccess/Pod-3.1.0.podspec
  MBProgressHUD:
    :path: ../../Dependencies/MBProgressHUD/Pod-1.1.0.podspec
  ModernDesign:
    :path: ../../Dependencies/ModernDesign/Pod-1.1.0.podspec
  ModernDesignExtensions:
    :path: ../../Dependencies/ModernDesignExtensions/Pod-1.1.0.podspec
  NetworkingApi:
    :path: ../../Dependencies/NetworkingApi/Pod-1.1.2.podspec
  NetworkingApiConverters:
    :path: ../../Dependencies/NetworkingApiConverters/Pod-1.1.2.podspec
  NetworkingApiHelpers:
    :path: ../../Dependencies/NetworkingApiHelpers/Pod-1.1.2.podspec
  NetworkingApiHttp:
    :path: ../../Dependencies/NetworkingApiHttp/Pod-1.1.2.podspec
  NetworkingApiObjC:
    :path: ../../Dependencies/NetworkingApiObjC/Pod-1.1.2.podspec
  NetworkingApiRest:
    :path: ../../Dependencies/NetworkingApiRest/Pod-1.1.2.podspec
  PureLayout:
    :path: ../../Dependencies/PureLayout/Pod-3.0.2.podspec
  R.swift:
    :path: ../../Dependencies/R.swift/Pod-4.0.0.podspec
  R.swift.Library:
    :path: ../../Dependencies/R.swift.Library/Pod-4.0.0-patch.1.podspec
  RxCocoa:
    :path: ../../Dependencies/RxCocoa/Pod-4.1.2.podspec
  RxDataSources:
    :path: ../../Dependencies/RxDataSources/Pod-3.0.2.podspec
  RxSwift:
    :path: ../../Dependencies/RxSwift/Pod-4.1.2.podspec
  SDWebImage:
    :path: ../../Dependencies/SDWebImage/Pod-4.3.2.podspec
  Siren:
    :path: ../../Dependencies/Siren/Pod-3.2.0.podspec
  SlideMenuControllerSwift:
    :path: ../../Dependencies/SlideMenuControllerSwift/Pod-4.0.0-patch.1.podspec
  SQLCipher:
    :path: ../../Dependencies/SQLCipher/Pod-3.4.2.podspec
  SQLite.swift:
    :path: ../../Dependencies/SQLite.swift/Pod-0.11.4.podspec
  SwiftCommons:
    :path: ../../Dependencies/SwiftCommons/Pod-1.1.0.podspec
  SwiftCommonsAbstractions:
    :path: ../../Dependencies/SwiftCommonsAbstractions/Pod-1.1.0.podspec
  SwiftCommonsConcurrent:
    :path: ../../Dependencies/SwiftCommonsConcurrent/Pod-1.1.0.podspec
  SwiftCommonsData:
    :path: ../../Dependencies/SwiftCommonsData/Pod-1.1.0.podspec
  SwiftCommonsDiagnostics:
    :path: ../../Dependencies/SwiftCommonsDiagnostics/Pod-1.1.0.podspec
  SwiftCommonsExtensions:
    :path: ../../Dependencies/SwiftCommonsExtensions/Pod-1.1.0.podspec
  SwiftCommonsLang:
    :path: ../../Dependencies/SwiftCommonsLang/Pod-1.1.0.podspec
  SwiftCommonsLogging:
    :path: ../../Dependencies/SwiftCommonsLogging/Pod-1.1.0.podspec
  SwiftCommonsObjC:
    :path: ../../Dependencies/SwiftCommonsObjC/Pod-1.1.0.podspec
  SwiftReorder:
    :path: ../../Dependencies/SwiftReorder/Pod-3.2.0.podspec
  SwiftyJSON:
    :path: ../../Dependencies/SwiftyJSON/Pod-4.0.0.podspec
  YandexMobileMetrica:
    :path: ../../Dependencies/YandexMobileMetrica/Pod-2.9.6.podspec

SPEC CHECKSUMS:
  Alamofire: 2d601bf9e18bdc6fb636f0e154f3ed7553f47a10
  Armchair: 020e8dfe9d846a23a00cfdc2fb75d335cc66a449
  Bolts: a958bc9c670f8bf6d54209ff3dcc894f3ce15e29
  ContentProviders: 94f15007d1d4c183311fdf43df19292cca664595
  ContentProvidersSQLite: ad6d410458694cff8f95e28720b30cd3ced94bba
  CryptoSwift: 8689cc2c5bd9c517a1bdcd836dc417b1e5ce96f4
  Differentiator: 3fbeee69071d6e229849a7a5922b1ead03688315
  Dispatch: 8b4257d4e19f90c285ecf8b7c75a64937304d6a6
  FBSDKCoreKit: 5b42876f05f35171df5d050156896cf3c8d20667
  GzipSwift: 8f3e962558223fd09d51fb9cc178760b592673e9
  INTULocationManager: 5b5bcac9285c3877a9c26f6eef68e6560f587905
  KeychainAccess: 37e1ccdcb98fe077776cb82d37a350422656a534
  MBProgressHUD: d4d6ecfe2934109f17427947214493ae9871a047
  ModernDesign: 1d3bb64c394d4bf1f985901a9ffe4af8861746d9
  ModernDesignExtensions: 3a614b94cfb4f8bd24fe1818721356ca0af90d94
  NetworkingApi: 41d92b57fe896c7fbfb5149b19d3b994cd732be1
  NetworkingApiConverters: 13609c91e64d952efb9deff6e4c12db3084a7668
  NetworkingApiHelpers: 4f3d9806cb712db666a66f7f71f2f0ec99980924
  NetworkingApiHttp: 41baef0cc74fc04c96a677dc3800b9da0ebcd907
  NetworkingApiObjC: b43605148efcff066b80b4ca23343f131330ed72
  NetworkingApiRest: 4f943c40c2cf0c19f5ad09a43b4b8a21c76fb2dd
  PureLayout: 13d47af83ad819e59647f9dd6aa3c1033c612481
  R.swift: 0b4ddcfd4107b87f5f4d92f911f3f65b5134818b
  R.swift.Library: fa4bb8cf87c30e6fc57097ee2a37e9de1ae99777
  RxCocoa: f6d8ce9d826346b9477343a1fd0608af84440322
  RxDataSources: e93dc72e6a887b989677a7b502f8f283249a1b1a
  RxSwift: bb0138baccd6ef2d0cc206967e3cee1df1d7c34d
  SDWebImage: 3bb43fde9b82984bd5a753dbffaad8f24668c3ce
  Siren: ba63992b9642cfe4de373299223a4faff0400b32
  SlideMenuControllerSwift: 7a91f0e73790b0844ad6b3c4cd6b3ab523772e35
  SQLCipher: 1df307219dd5143d49e4200a85eea1600827da61
  SQLite.swift: 804a923ba169bcf8372ddeeb39718d8123ad29f5
  SwiftCommons: a267c3d17f105347c2f8f7af127a3bd42674f996
  SwiftCommonsAbstractions: c9ab449846d59a6a975250491b14aee877b896a1
  SwiftCommonsConcurrent: a7dce8550ccc325c0d71dc62c3b56f14e827f74d
  SwiftCommonsData: b93f58bcb6a5a8f7c882e1a1af5bb718fcbf0140
  SwiftCommonsDiagnostics: a946c77919c76ea80c48cf68359061064fcacd5f
  SwiftCommonsExtensions: 8e5b5390f56f99a375390278f9038ba79da2c8f4
  SwiftCommonsLang: 1dd13722b7872e5a21a243a2bf58573cab3c8ed9
  SwiftCommonsLogging: c960c00c7cefd2f43c3949cb894db8625cae68f9
  SwiftCommonsObjC: 24d11739696e834d6622e9b7f5c339be71c9d5db
  SwiftReorder: 4216f4cd326ac5b31317e1e547cf20003f883ca6
  SwiftyJSON: f24aaeb3b353d69ae55b95803b0ab6caa8902bb5
  YandexMobileMetrica: 51aade7a6dc871ed0d2a8d0fa12db7c7b00da671

PODFILE CHECKSUM: b81e1d6a956edfbab4ae7281e2dc1242db2cedf6

COCOAPODS: 1.4.0
